
Microsoft Visual Studio Solution File, Format Version 12.00
# Visual Studio 14
VisualStudioVersion = 14.0.24720.0
MinimumVisualStudioVersion = 10.0.40219.1
Project("{F088123C-0E9E-452A-89E6-6BA2F21D5CAC}") = "PlanningModel", "PlanningModel\PlanningModel.modelproj", "{E97F6357-9A0A-4FCA-A7FB-AA0351FEB19C}"
EndProject
Project("{FAE04EC0-301F-11D3-BF4B-00C04F79EFBC}") = "CoreApplication", "CoreApplication\CoreApplication.csproj", "{7DA7B028-9483-44C6-9817-85F153F411BD}"
EndProject
Global
	GlobalSection(SolutionConfigurationPlatforms) = preSolution
		Debug|Any CPU = Debug|Any CPU
		Release|Any CPU = Release|Any CPU
	EndGlobalSection
	GlobalSection(ProjectConfigurationPlatforms) = postSolution
		{E97F6357-9A0A-4FCA-A7FB-AA0351FEB19C}.Debug|Any CPU.ActiveCfg = Debug|Any CPU
		{E97F6357-9A0A-4FCA-A7FB-AA0351FEB19C}.Debug|Any CPU.Build.0 = Debug|Any CPU
		{E97F6357-9A0A-4FCA-A7FB-AA0351FEB19C}.Release|Any CPU.ActiveCfg = Release|Any CPU
		{E97F6357-9A0A-4FCA-A7FB-AA0351FEB19C}.Release|Any CPU.Build.0 = Release|Any CPU
		{7DA7B028-9483-44C6-9817-85F153F411BD}.Debug|Any CPU.ActiveCfg = Debug|Any CPU
		{7DA7B028-9483-44C6-9817-85F153F411BD}.Debug|Any CPU.Build.0 = Debug|Any CPU
		{7DA7B028-9483-44C6-9817-85F153F411BD}.Release|Any CPU.ActiveCfg = Release|Any CPU
		{7DA7B028-9483-44C6-9817-85F153F411BD}.Release|Any CPU.Build.0 = Release|Any CPU
	EndGlobalSection
	GlobalSection(SolutionProperties) = preSolution
		HideSolutionNode = FALSE
	EndGlobalSection
EndGlobal
